
Microsoft Visual Studio Solution File, Format Version 12.00
# Visual Studio Version 17
VisualStudioVersion = 17.6.33723.286
MinimumVisualStudioVersion = 10.0.40219.1
Project("{FAE04EC0-301F-11D3-BF4B-00C04F79EFBC}") = "4.Ders", "4.Ders\4.Ders.csproj", "{7E69041E-1483-45D8-9A09-75FCC57AD417}"
EndProject
Global
	GlobalSection(SolutionConfigurationPlatforms) = preSolution
		Debug|Any CPU = Debug|Any CPU
		Release|Any CPU = Release|Any CPU
	EndGlobalSection
	GlobalSection(ProjectConfigurationPlatforms) = postSolution
		{7E69041E-1483-45D8-9A09-75FCC57AD417}.Debug|Any CPU.ActiveCfg = Debug|Any CPU
		{7E69041E-1483-45D8-9A09-75FCC57AD417}.Debug|Any CPU.Build.0 = Debug|Any CPU
		{7E69041E-1483-45D8-9A09-75FCC57AD417}.Release|Any CPU.ActiveCfg = Release|Any CPU
		{7E69041E-1483-45D8-9A09-75FCC57AD417}.Release|Any CPU.Build.0 = Release|Any CPU
	EndGlobalSection
	GlobalSection(SolutionProperties) = preSolution
		HideSolutionNode = FALSE
	EndGlobalSection
	GlobalSection(ExtensibilityGlobals) = postSolution
		SolutionGuid = {721D78ED-B8D3-49A5-97A1-62BD3B519393}
	EndGlobalSection
EndGlobal
